<Solution>
  <Project Path="CNet.csproj" />
  <Project Path="Monstroe.CNetworkingSolution.Samples.Utility.csproj" />
  <Project Path="Assembly-CSharp.csproj" />
  <Project Path="Assembly-CSharp-Editor.csproj" />
  <Project Path="Monstroe.CNetworkingSolution.Samples.CNetTransport.csproj" />
</Solution>
